
Microsoft Visual Studio Solution File, Format Version 12.00
# Visual Studio Version 17
VisualStudioVersion = 17.2.32519.379
MinimumVisualStudioVersion = 10.0.40219.1
Project("{9A19103F-16F7-4668-BE54-9A1E7A4F7556}") = "VegetableShop.Api", "VegetableShop.Api\VegetableShop.Api.csproj", "{CB442BBA-DFF9-4BAF-B6D2-E426D27EC866}"
EndProject
Project("{9A19103F-16F7-4668-BE54-9A1E7A4F7556}") = "VegetableShop.Mvc", "VegetableShop.Mvc\VegetableShop.Mvc.csproj", "{67B1D021-803C-4FB4-9F97-A21109CF84A2}"
EndProject
Project("{FAE04EC0-301F-11D3-BF4B-00C04F79EFBC}") = "VegetableShop.Integration", "VegetableShop.Integration\VegetableShop.Integration.csproj", "{21E409E7-8FC0-44B0-A4B3-C2A4BEBDC6E8}"
EndProject
Global
	GlobalSection(SolutionConfigurationPlatforms) = preSolution
		Debug|Any CPU = Debug|Any CPU
		Release|Any CPU = Release|Any CPU
	EndGlobalSection
	GlobalSection(ProjectConfigurationPlatforms) = postSolution
		{CB442BBA-DFF9-4BAF-B6D2-E426D27EC866}.Debug|Any CPU.ActiveCfg = Debug|Any CPU
		{CB442BBA-DFF9-4BAF-B6D2-E426D27EC866}.Debug|Any CPU.Build.0 = Debug|Any CPU
		{CB442BBA-DFF9-4BAF-B6D2-E426D27EC866}.Release|Any CPU.ActiveCfg = Release|Any CPU
		{CB442BBA-DFF9-4BAF-B6D2-E426D27EC866}.Release|Any CPU.Build.0 = Release|Any CPU
		{67B1D021-803C-4FB4-9F97-A21109CF84A2}.Debug|Any CPU.ActiveCfg = Debug|Any CPU
		{67B1D021-803C-4FB4-9F97-A21109CF84A2}.Debug|Any CPU.Build.0 = Debug|Any CPU
		{67B1D021-803C-4FB4-9F97-A21109CF84A2}.Release|Any CPU.ActiveCfg = Release|Any CPU
		{67B1D021-803C-4FB4-9F97-A21109CF84A2}.Release|Any CPU.Build.0 = Release|Any CPU
		{21E409E7-8FC0-44B0-A4B3-C2A4BEBDC6E8}.Debug|Any CPU.ActiveCfg = Debug|Any CPU
		{21E409E7-8FC0-44B0-A4B3-C2A4BEBDC6E8}.Debug|Any CPU.Build.0 = Debug|Any CPU
		{21E409E7-8FC0-44B0-A4B3-C2A4BEBDC6E8}.Release|Any CPU.ActiveCfg = Release|Any CPU
		{21E409E7-8FC0-44B0-A4B3-C2A4BEBDC6E8}.Release|Any CPU.Build.0 = Release|Any CPU
	EndGlobalSection
	GlobalSection(SolutionProperties) = preSolution
		HideSolutionNode = FALSE
	EndGlobalSection
	GlobalSection(ExtensibilityGlobals) = postSolution
		SolutionGuid = {D9DC34C7-5F9E-49D6-A2DE-4F603731ED40}
	EndGlobalSection
EndGlobal
